
Microsoft Visual Studio Solution File, Format Version 12.00
# Visual Studio Version 16
VisualStudioVersion = 16.0.31019.35
MinimumVisualStudioVersion = 10.0.40219.1
Project("{FAE04EC0-301F-11D3-BF4B-00C04F79EFBC}") = "Enursery3ccf", "Enursery3ccf.csproj", "{6DD1BCD4-E475-4E00-9B2D-30C96EBC5943}"
EndProject
Global
	GlobalSection(SolutionConfigurationPlatforms) = preSolution
		Debug|Any CPU = Debug|Any CPU
		Release|Any CPU = Release|Any CPU
	EndGlobalSection
	GlobalSection(ProjectConfigurationPlatforms) = postSolution
		{6DD1BCD4-E475-4E00-9B2D-30C96EBC5943}.Debug|Any CPU.ActiveCfg = Debug|Any CPU
		{6DD1BCD4-E475-4E00-9B2D-30C96EBC5943}.Debug|Any CPU.Build.0 = Debug|Any CPU
		{6DD1BCD4-E475-4E00-9B2D-30C96EBC5943}.Release|Any CPU.ActiveCfg = Release|Any CPU
		{6DD1BCD4-E475-4E00-9B2D-30C96EBC5943}.Release|Any CPU.Build.0 = Release|Any CPU
	EndGlobalSection
	GlobalSection(SolutionProperties) = preSolution
		HideSolutionNode = FALSE
	EndGlobalSection
	GlobalSection(ExtensibilityGlobals) = postSolution
		SolutionGuid = {01B33F68-04A4-4FF1-A0B1-3978F49A69A9}
	EndGlobalSection
EndGlobal
